{
  "nodes": {
    "niri-stable": {
      "flake": false,
      "locked": {
        "lastModified": 1764424778,
        "narHash": "sha256-tCchf2VyYpINHPGpXz9+4x11A9I4nswXGGerJSapqa4=",
        "owner": "soulvice",
        "repo": "niri",
        "rev": "ec9d9178b950a072e33297017aae7501b9f3a667",
        "type": "github"
      },
      "original": {
        "owner": "soulvice",
        "ref": "25.11",
        "repo": "niri",
        "type": "github"
      }
    },
    "niri-unstable": {
      "flake": false,
      "locked": {
        "lastModified": 1767872477,
        "narHash": "sha256-fBYpp0peo1imvnTniBA6NuGRAfsuwxqA//TQml82pQI=",
        "owner": "soulvice",
        "repo": "niri",
        "rev": "ed099d2e8b27bec330da8dbd18bb55c1e3f4a6ee",
        "type": "github"
      },
      "original": {
        "owner": "soulvice",
        "repo": "niri",
        "type": "github"
      }
    },
    "nixpkgs": {
      "locked": {
        "lastModified": 1768564909,
        "narHash": "sha256-Kell/SpJYVkHWMvnhqJz/8DqQg2b6PguxVWOuadbHCc=",
        "owner": "NixOS",
        "repo": "nixpkgs",
        "rev": "e4bae1bd10c9c57b2cf517953ab70060a828ee6f",
        "type": "github"
      },
      "original": {
        "owner": "NixOS",
        "ref": "nixos-unstable",
        "repo": "nixpkgs",
        "type": "github"
      }
    },
    "nixpkgs-stable": {
      "locked": {
        "lastModified": 1768621446,
        "narHash": "sha256-6YwHV1cjv6arXdF/PQc365h1j+Qje3Pydk501Rm4Q+4=",
        "owner": "NixOS",
        "repo": "nixpkgs",
        "rev": "72ac591e737060deab2b86d6952babd1f896d7c5",
        "type": "github"
      },
      "original": {
        "owner": "NixOS",
        "ref": "nixos-25.11",
        "repo": "nixpkgs",
        "type": "github"
      }
    },
    "root": {
      "inputs": {
        "niri-stable": "niri-stable",
        "niri-unstable": "niri-unstable",
        "nixpkgs": "nixpkgs",
        "nixpkgs-stable": "nixpkgs-stable",
        "xwayland-satellite-stable": "xwayland-satellite-stable",
        "xwayland-satellite-unstable": "xwayland-satellite-unstable"
      }
    },
    "xwayland-satellite-stable": {
      "flake": false,
      "locked": {
        "lastModified": 1755491097,
        "narHash": "sha256-m+9tUfsmBeF2Gn4HWa6vSITZ4Gz1eA1F5Kh62B0N4oE=",
        "owner": "Supreeeme",
        "repo": "xwayland-satellite",
        "rev": "388d291e82ffbc73be18169d39470f340707edaa",
        "type": "github"
      },
      "original": {
        "owner": "Supreeeme",
        "ref": "v0.7",
        "repo": "xwayland-satellite",
        "type": "github"
      }
    },
    "xwayland-satellite-unstable": {
      "flake": false,
      "locked": {
        "lastModified": 1768106915,
        "narHash": "sha256-HlLo9zH4ULRXlmlIK948cHmdVhxyHgTHxGaoCRlW4k8=",
        "owner": "Supreeeme",
        "repo": "xwayland-satellite",
        "rev": "72245e108f3b03c3c4474d2de9de2d1830849603",
        "type": "github"
      },
      "original": {
        "owner": "Supreeeme",
        "repo": "xwayland-satellite",
        "type": "github"
      }
    }
  },
  "root": "root",
  "version": 7
}
